// !$*UTF8*$!
{
	archiveVersion = 1;
	classes = {
	};
	objectVersion = 50;
	objects = {

/* Begin PBXBuildFile section */
		A00CD05026042D5C00061117 /* BadgeSymbol.swift in Sources */ = {isa = PBXBuildFile; fileRef = A00CD04F26042D5C00061117 /* BadgeSymbol.swift */; };
		A00CD055260432F100061117 /* RotatedBadgeSymbol.swift in Sources */ = {isa = PBXBuildFile; fileRef = A00CD054260432F100061117 /* RotatedBadgeSymbol.swift */; };
		A00CD05A2604353D00061117 /* Badge.swift in Sources */ = {isa = PBXBuildFile; fileRef = A00CD0592604353D00061117 /* Badge.swift */; };
		A01EE63326043C2900BC85C6 /* HexagonParameters.swift in Sources */ = {isa = PBXBuildFile; fileRef = A01EE63226043C2900BC85C6 /* HexagonParameters.swift */; };
		A039162E260270CA00BCB603 /* LandmarkDetails.swift in Sources */ = {isa = PBXBuildFile; fileRef = A039162D260270CA00BCB603 /* LandmarkDetails.swift */; };
		A06A163A2603964800B29973 /* LandmarksList.swift in Sources */ = {isa = PBXBuildFile; fileRef = A06A16392603964800B29973 /* LandmarksList.swift */; };
		A0AB98302604203600BC48C7 /* BadgeBackground.swift in Sources */ = {isa = PBXBuildFile; fileRef = A0AB982F2604203600BC48C7 /* BadgeBackground.swift */; };
		A0BF1B78260208C8002CCDBC /* LandmarksApp.swift in Sources */ = {isa = PBXBuildFile; fileRef = A0BF1B77260208C8002CCDBC /* LandmarksApp.swift */; };
		A0BF1B7A260208C8002CCDBC /* ContentView.swift in Sources */ = {isa = PBXBuildFile; fileRef = A0BF1B79260208C8002CCDBC /* ContentView.swift */; };
		A0BF1B7C260208CA002CCDBC /* Assets.xcassets in Resources */ = {isa = PBXBuildFile; fileRef = A0BF1B7B260208CA002CCDBC /* Assets.xcassets */; };
		A0BF1B7F260208CA002CCDBC /* Preview Assets.xcassets in Resources */ = {isa = PBXBuildFile; fileRef = A0BF1B7E260208CA002CCDBC /* Preview Assets.xcassets */; };
		A0BF1B8A260208CB002CCDBC /* LandmarksTests.swift in Sources */ = {isa = PBXBuildFile; fileRef = A0BF1B89260208CB002CCDBC /* LandmarksTests.swift */; };
		A0BF1B95260208CB002CCDBC /* LandmarksUITests.swift in Sources */ = {isa = PBXBuildFile; fileRef = A0BF1B94260208CB002CCDBC /* LandmarksUITests.swift */; };
		A0BF1BA6260227A1002CCDBC /* CircleImage.swift in Sources */ = {isa = PBXBuildFile; fileRef = A0BF1BA5260227A1002CCDBC /* CircleImage.swift */; };
		A0BF1BAB26022AAB002CCDBC /* MapView.swift in Sources */ = {isa = PBXBuildFile; fileRef = A0BF1BAA26022AAB002CCDBC /* MapView.swift */; };
		A0E64A172602477F006E8022 /* landmarkData.json in Resources */ = {isa = PBXBuildFile; fileRef = A0E64A162602477F006E8022 /* landmarkData.json */; };
		A0E64A1C260247A8006E8022 /* Landmark.swift in Sources */ = {isa = PBXBuildFile; fileRef = A0E64A1B260247A8006E8022 /* Landmark.swift */; };
		A0E64A2126024B7E006E8022 /* ModelData.swift in Sources */ = {isa = PBXBuildFile; fileRef = A0E64A2026024B7E006E8022 /* ModelData.swift */; };
		A0E64A2F260266CD006E8022 /* LandmarkRow.swift in Sources */ = {isa = PBXBuildFile; fileRef = A0E64A2E260266CD006E8022 /* LandmarkRow.swift */; };
		A0FAE0A92603925200414AA7 /* FavoriteButton.swift in Sources */ = {isa = PBXBuildFile; fileRef = A0FAE0A82603925200414AA7 /* FavoriteButton.swift */; };
/* End PBXBuildFile section */

/* Begin PBXContainerItemProxy section */
		A0BF1B86260208CB002CCDBC /* PBXContainerItemProxy */ = {
			isa = PBXContainerItemProxy;
			containerPortal = A0BF1B6C260208C8002CCDBC /* Project object */;
			proxyType = 1;
			remoteGlobalIDString = A0BF1B73260208C8002CCDBC;
			remoteInfo = Landmarks;
		};
		A0BF1B91260208CB002CCDBC /* PBXContainerItemProxy */ = {
			isa = PBXContainerItemProxy;
			containerPortal = A0BF1B6C260208C8002CCDBC /* Project object */;
			proxyType = 1;
			remoteGlobalIDString = A0BF1B73260208C8002CCDBC;
			remoteInfo = Landmarks;
		};
/* End PBXContainerItemProxy section */

/* Begin PBXFileReference section */
		A00CD04F26042D5C00061117 /* BadgeSymbol.swift */ = {isa = PBXFileReference; lastKnownFileType = sourcecode.swift; path = BadgeSymbol.swift; sourceTree = "<group>"; };
		A00CD054260432F100061117 /* RotatedBadgeSymbol.swift */ = {isa = PBXFileReference; lastKnownFileType = sourcecode.swift; path = RotatedBadgeSymbol.swift; sourceTree = "<group>"; };
		A00CD0592604353D00061117 /* Badge.swift */ = {isa = PBXFileReference; lastKnownFileType = sourcecode.swift; path = Badge.swift; sourceTree = "<group>"; };
		A01EE63226043C2900BC85C6 /* HexagonParameters.swift */ = {isa = PBXFileReference; lastKnownFileType = sourcecode.swift; path = HexagonParameters.swift; sourceTree = SOURCE_ROOT; };
		A039162D260270CA00BCB603 /* LandmarkDetails.swift */ = {isa = PBXFileReference; lastKnownFileType = sourcecode.swift; path = LandmarkDetails.swift; sourceTree = "<group>"; };
		A06A16392603964800B29973 /* LandmarksList.swift */ = {isa = PBXFileReference; lastKnownFileType = sourcecode.swift; path = LandmarksList.swift; sourceTree = "<group>"; };
		A0AB982F2604203600BC48C7 /* BadgeBackground.swift */ = {isa = PBXFileReference; lastKnownFileType = sourcecode.swift; path = BadgeBackground.swift; sourceTree = "<group>"; };
		A0BF1B74260208C8002CCDBC /* Landmarks.app */ = {isa = PBXFileReference; explicitFileType = wrapper.application; includeInIndex = 0; path = Landmarks.app; sourceTree = BUILT_PRODUCTS_DIR; };
		A0BF1B77260208C8002CCDBC /* LandmarksApp.swift */ = {isa = PBXFileReference; lastKnownFileType = sourcecode.swift; path = LandmarksApp.swift; sourceTree = "<group>"; };
		A0BF1B79260208C8002CCDBC /* ContentView.swift */ = {isa = PBXFileReference; lastKnownFileType = sourcecode.swift; path = ContentView.swift; sourceTree = "<group>"; };
		A0BF1B7B260208CA002CCDBC /* Assets.xcassets */ = {isa = PBXFileReference; lastKnownFileType = folder.assetcatalog; path = Assets.xcassets; sourceTree = "<group>"; };
		A0BF1B7E260208CA002CCDBC /* Preview Assets.xcassets */ = {isa = PBXFileReference; lastKnownFileType = folder.assetcatalog; path = "Preview Assets.xcassets"; sourceTree = "<group>"; };
		A0BF1B80260208CA002CCDBC /* Info.plist */ = {isa = PBXFileReference; lastKnownFileType = text.plist.xml; path = Info.plist; sourceTree = "<group>"; };
		A0BF1B85260208CB002CCDBC /* LandmarksTests.xctest */ = {isa = PBXFileReference; explicitFileType = wrapper.cfbundle; includeInIndex = 0; path = LandmarksTests.xctest; sourceTree = BUILT_PRODUCTS_DIR; };
		A0BF1B89260208CB002CCDBC /* LandmarksTests.swift */ = {isa = PBXFileReference; lastKnownFileType = sourcecode.swift; path = LandmarksTests.swift; sourceTree = "<group>"; };
		A0BF1B8B260208CB002CCDBC /* Info.plist */ = {isa = PBXFileReference; lastKnownFileType = text.plist.xml; path = Info.plist; sourceTree = "<group>"; };
		A0BF1B90260208CB002CCDBC /* LandmarksUITests.xctest */ = {isa = PBXFileReference; explicitFileType = wrapper.cfbundle; includeInIndex = 0; path = LandmarksUITests.xctest; sourceTree = BUILT_PRODUCTS_DIR; };
		A0BF1B94260208CB002CCDBC /* LandmarksUITests.swift */ = {isa = PBXFileReference; lastKnownFileType = sourcecode.swift; path = LandmarksUITests.swift; sourceTree = "<group>"; };
		A0BF1B96260208CB002CCDBC /* Info.plist */ = {isa = PBXFileReference; lastKnownFileType = text.plist.xml; path = Info.plist; sourceTree = "<group>"; };
		A0BF1BA5260227A1002CCDBC /* CircleImage.swift */ = {isa = PBXFileReference; lastKnownFileType = sourcecode.swift; path = CircleImage.swift; sourceTree = "<group>"; };
		A0BF1BAA26022AAB002CCDBC /* MapView.swift */ = {isa = PBXFileReference; lastKnownFileType = sourcecode.swift; path = MapView.swift; sourceTree = "<group>"; };
		A0E64A162602477F006E8022 /* landmarkData.json */ = {isa = PBXFileReference; fileEncoding = 4; lastKnownFileType = text.json; path = landmarkData.json; sourceTree = "<group>"; };
		A0E64A1B260247A8006E8022 /* Landmark.swift */ = {isa = PBXFileReference; lastKnownFileType = sourcecode.swift; path = Landmark.swift; sourceTree = "<group>"; };
		A0E64A2026024B7E006E8022 /* ModelData.swift */ = {isa = PBXFileReference; lastKnownFileType = sourcecode.swift; path = ModelData.swift; sourceTree = "<group>"; };
		A0E64A2E260266CD006E8022 /* LandmarkRow.swift */ = {isa = PBXFileReference; lastKnownFileType = sourcecode.swift; path = LandmarkRow.swift; sourceTree = "<group>"; };
		A0FAE0A82603925200414AA7 /* FavoriteButton.swift */ = {isa = PBXFileReference; lastKnownFileType = sourcecode.swift; path = FavoriteButton.swift; sourceTree = "<group>"; };
/* End PBXFileReference section */

/* Begin PBXFrameworksBuildPhase section */
		A0BF1B71260208C8002CCDBC /* Frameworks */ = {
			isa = PBXFrameworksBuildPhase;
			buildActionMask = 2147483647;
			files = (
			);
			runOnlyForDeploymentPostprocessing = 0;
		};
		A0BF1B82260208CB002CCDBC /* Frameworks */ = {
			isa = PBXFrameworksBuildPhase;
			buildActionMask = 2147483647;
			files = (
			);
			runOnlyForDeploymentPostprocessing = 0;
		};
		A0BF1B8D260208CB002CCDBC /* Frameworks */ = {
			isa = PBXFrameworksBuildPhase;
			buildActionMask = 2147483647;
			files = (
			);
			runOnlyForDeploymentPostprocessing = 0;
		};
/* End PBXFrameworksBuildPhase section */

/* Begin PBXGroup section */
		A00CD05E26043B3400061117 /* Badges */ = {
			isa = PBXGroup;
			children = (
				A01EE63226043C2900BC85C6 /* HexagonParameters.swift */,
				A0AB982F2604203600BC48C7 /* BadgeBackground.swift */,
				A00CD04F26042D5C00061117 /* BadgeSymbol.swift */,
				A00CD054260432F100061117 /* RotatedBadgeSymbol.swift */,
				A00CD0592604353D00061117 /* Badge.swift */,
			);
			path = Badges;
			sourceTree = "<group>";
		};
		A0BF1B6B260208C8002CCDBC = {
			isa = PBXGroup;
			children = (
				A0BF1B76260208C8002CCDBC /* Landmarks */,
				A0BF1B88260208CB002CCDBC /* LandmarksTests */,
				A0BF1B93260208CB002CCDBC /* LandmarksUITests */,
				A0BF1B75260208C8002CCDBC /* Products */,
			);
			sourceTree = "<group>";
		};
		A0BF1B75260208C8002CCDBC /* Products */ = {
			isa = PBXGroup;
			children = (
				A0BF1B74260208C8002CCDBC /* Landmarks.app */,
				A0BF1B85260208CB002CCDBC /* LandmarksTests.xctest */,
				A0BF1B90260208CB002CCDBC /* LandmarksUITests.xctest */,
			);
			name = Products;
			sourceTree = "<group>";
		};
		A0BF1B76260208C8002CCDBC /* Landmarks */ = {
			isa = PBXGroup;
			children = (
				A0BF1B77260208C8002CCDBC /* LandmarksApp.swift */,
				A0E64A252602613B006E8022 /* Views */,
				A0BF1B7B260208CA002CCDBC /* Assets.xcassets */,
				A0E64A292602615A006E8022 /* Resources */,
				A0E64A2A26026175006E8022 /* Model */,
				A0BF1B80260208CA002CCDBC /* Info.plist */,
				A0BF1B7D260208CA002CCDBC /* Preview Content */,
			);
			path = Landmarks;
			sourceTree = "<group>";
		};
		A0BF1B7D260208CA002CCDBC /* Preview Content */ = {
			isa = PBXGroup;
			children = (
				A0BF1B7E260208CA002CCDBC /* Preview Assets.xcassets */,
			);
			path = "Preview Content";
			sourceTree = "<group>";
		};
		A0BF1B88260208CB002CCDBC /* LandmarksTests */ = {
			isa = PBXGroup;
			children = (
				A0BF1B89260208CB002CCDBC /* LandmarksTests.swift */,
				A0BF1B8B260208CB002CCDBC /* Info.plist */,
			);
			path = LandmarksTests;
			sourceTree = "<group>";
		};
		A0BF1B93260208CB002CCDBC /* LandmarksUITests */ = {
			isa = PBXGroup;
			children = (
				A0BF1B94260208CB002CCDBC /* LandmarksUITests.swift */,
				A0BF1B96260208CB002CCDBC /* Info.plist */,
			);
			path = LandmarksUITests;
			sourceTree = "<group>";
		};
		A0E64A252602613B006E8022 /* Views */ = {
			isa = PBXGroup;
			children = (
				A00CD05E26043B3400061117 /* Badges */,
				A0FAE0B1260394A500414AA7 /* Landmarks */,
				A0FAE0AD2603948000414AA7 /* Helpers */,
				A0BF1B79260208C8002CCDBC /* ContentView.swift */,
			);
			path = Views;
			sourceTree = "<group>";
		};
		A0E64A292602615A006E8022 /* Resources */ = {
			isa = PBXGroup;
			children = (
				A0E64A162602477F006E8022 /* landmarkData.json */,
			);
			path = Resources;
			sourceTree = "<group>";
		};
		A0E64A2A26026175006E8022 /* Model */ = {
			isa = PBXGroup;
			children = (
				A0E64A1B260247A8006E8022 /* Landmark.swift */,
				A0E64A2026024B7E006E8022 /* ModelData.swift */,
			);
			path = Model;
			sourceTree = "<group>";
		};
		A0FAE0AD2603948000414AA7 /* Helpers */ = {
			isa = PBXGroup;
			children = (
				A0FAE0A82603925200414AA7 /* FavoriteButton.swift */,
				A0BF1BA5260227A1002CCDBC /* CircleImage.swift */,
				A0BF1BAA26022AAB002CCDBC /* MapView.swift */,
			);
			path = Helpers;
			sourceTree = "<group>";
		};
		A0FAE0B1260394A500414AA7 /* Landmarks */ = {
			isa = PBXGroup;
			children = (
				A06A16392603964800B29973 /* LandmarksList.swift */,
				A0E64A2E260266CD006E8022 /* LandmarkRow.swift */,
				A039162D260270CA00BCB603 /* LandmarkDetails.swift */,
			);
			path = Landmarks;
			sourceTree = "<group>";
		};
/* End PBXGroup section */

/* Begin PBXNativeTarget section */
		A0BF1B73260208C8002CCDBC /* Landmarks */ = {
			isa = PBXNativeTarget;
			buildConfigurationList = A0BF1B99260208CB002CCDBC /* Build configuration list for PBXNativeTarget "Landmarks" */;
			buildPhases = (
				A0BF1B70260208C8002CCDBC /* Sources */,
				A0BF1B71260208C8002CCDBC /* Frameworks */,
				A0BF1B72260208C8002CCDBC /* Resources */,
			);
			buildRules = (
			);
			dependencies = (
			);
			name = Landmarks;
			productName = Landmarks;
			productReference = A0BF1B74260208C8002CCDBC /* Landmarks.app */;
			productType = "com.apple.product-type.application";
		};
		A0BF1B84260208CB002CCDBC /* LandmarksTests */ = {
			isa = PBXNativeTarget;
			buildConfigurationList = A0BF1B9C260208CB002CCDBC /* Build configuration list for PBXNativeTarget "LandmarksTests" */;
			buildPhases = (
				A0BF1B81260208CB002CCDBC /* Sources */,
				A0BF1B82260208CB002CCDBC /* Frameworks */,
				A0BF1B83260208CB002CCDBC /* Resources */,
			);
			buildRules = (
			);
			dependencies = (
				A0BF1B87260208CB002CCDBC /* PBXTargetDependency */,
			);
			name = LandmarksTests;
			productName = LandmarksTests;
			productReference = A0BF1B85260208CB002CCDBC /* LandmarksTests.xctest */;
			productType = "com.apple.product-type.bundle.unit-test";
		};
		A0BF1B8F260208CB002CCDBC /* LandmarksUITests */ = {
			isa = PBXNativeTarget;
			buildConfigurationList = A0BF1B9F260208CB002CCDBC /* Build configuration list for PBXNativeTarget "LandmarksUITests" */;
			buildPhases = (
				A0BF1B8C260208CB002CCDBC /* Sources */,
				A0BF1B8D260208CB002CCDBC /* Frameworks */,
				A0BF1B8E260208CB002CCDBC /* Resources */,
			);
			buildRules = (
			);
			dependencies = (
				A0BF1B92260208CB002CCDBC /* PBXTargetDependency */,
			);
			name = LandmarksUITests;
			productName = LandmarksUITests;
			productReference = A0BF1B90260208CB002CCDBC /* LandmarksUITests.xctest */;
			productType = "com.apple.product-type.bundle.ui-testing";
		};
/* End PBXNativeTarget section */

/* Begin PBXProject section */
		A0BF1B6C260208C8002CCDBC /* Project object */ = {
			isa = PBXProject;
			attributes = {
				LastSwiftUpdateCheck = 1240;
				LastUpgradeCheck = 1240;
				TargetAttributes = {
					A0BF1B73260208C8002CCDBC = {
						CreatedOnToolsVersion = 12.4;
					};
					A0BF1B84260208CB002CCDBC = {
						CreatedOnToolsVersion = 12.4;
						TestTargetID = A0BF1B73260208C8002CCDBC;
					};
					A0BF1B8F260208CB002CCDBC = {
						CreatedOnToolsVersion = 12.4;
						TestTargetID = A0BF1B73260208C8002CCDBC;
					};
				};
			};
			buildConfigurationList = A0BF1B6F260208C8002CCDBC /* Build configuration list for PBXProject "Landmarks" */;
			compatibilityVersion = "Xcode 9.3";
			developmentRegion = en;
			hasScannedForEncodings = 0;
			knownRegions = (
				en,
				Base,
			);
			mainGroup = A0BF1B6B260208C8002CCDBC;
			productRefGroup = A0BF1B75260208C8002CCDBC /* Products */;
			projectDirPath = "";
			projectRoot = "";
			targets = (
				A0BF1B73260208C8002CCDBC /* Landmarks */,
				A0BF1B84260208CB002CCDBC /* LandmarksTests */,
				A0BF1B8F260208CB002CCDBC /* LandmarksUITests */,
			);
		};
/* End PBXProject section */

/* Begin PBXResourcesBuildPhase section */
		A0BF1B72260208C8002CCDBC /* Resources */ = {
			isa = PBXResourcesBuildPhase;
			buildActionMask = 2147483647;
			files = (
				A0BF1B7F260208CA002CCDBC /* Preview Assets.xcassets in Resources */,
				A0BF1B7C260208CA002CCDBC /* Assets.xcassets in Resources */,
				A0E64A172602477F006E8022 /* landmarkData.json in Resources */,
			);
			runOnlyForDeploymentPostprocessing = 0;
		};
		A0BF1B83260208CB002CCDBC /* Resources */ = {
			isa = PBXResourcesBuildPhase;
			buildActionMask = 2147483647;
			files = (
			);
			runOnlyForDeploymentPostprocessing = 0;
		};
		A0BF1B8E260208CB002CCDBC /* Resources */ = {
			isa = PBXResourcesBuildPhase;
			buildActionMask = 2147483647;
			files = (
			);
			runOnlyForDeploymentPostprocessing = 0;
		};
/* End PBXResourcesBuildPhase section */

/* Begin PBXSourcesBuildPhase section */
		A0BF1B70260208C8002CCDBC /* Sources */ = {
			isa = PBXSourcesBuildPhase;
			buildActionMask = 2147483647;
			files = (
				A01EE63326043C2900BC85C6 /* HexagonParameters.swift in Sources */,
				A0BF1B7A260208C8002CCDBC /* ContentView.swift in Sources */,
				A00CD05A2604353D00061117 /* Badge.swift in Sources */,
				A0E64A1C260247A8006E8022 /* Landmark.swift in Sources */,
				A0BF1BAB26022AAB002CCDBC /* MapView.swift in Sources */,
				A0FAE0A92603925200414AA7 /* FavoriteButton.swift in Sources */,
				A00CD055260432F100061117 /* RotatedBadgeSymbol.swift in Sources */,
				A00CD05026042D5C00061117 /* BadgeSymbol.swift in Sources */,
				A0BF1B78260208C8002CCDBC /* LandmarksApp.swift in Sources */,
				A06A163A2603964800B29973 /* LandmarksList.swift in Sources */,
				A0AB98302604203600BC48C7 /* BadgeBackground.swift in Sources */,
				A0BF1BA6260227A1002CCDBC /* CircleImage.swift in Sources */,
				A0E64A2F260266CD006E8022 /* LandmarkRow.swift in Sources */,
				A0E64A2126024B7E006E8022 /* ModelData.swift in Sources */,
				A039162E260270CA00BCB603 /* LandmarkDetails.swift in Sources */,
			);
			runOnlyForDeploymentPostprocessing = 0;
		};
		A0BF1B81260208CB002CCDBC /* Sources */ = {
			isa = PBXSourcesBuildPhase;
			buildActionMask = 2147483647;
			files = (
				A0BF1B8A260208CB002CCDBC /* LandmarksTests.swift in Sources */,
			);
			runOnlyForDeploymentPostprocessing = 0;
		};
		A0BF1B8C260208CB002CCDBC /* Sources */ = {
			isa = PBXSourcesBuildPhase;
			buildActionMask = 2147483647;
			files = (
				A0BF1B95260208CB002CCDBC /* LandmarksUITests.swift in Sources */,
			);
			runOnlyForDeploymentPostprocessing = 0;
		};
/* End PBXSourcesBuildPhase section */

/* Begin PBXTargetDependency section */
		A0BF1B87260208CB002CCDBC /* PBXTargetDependency */ = {
			isa = PBXTargetDependency;
			target = A0BF1B73260208C8002CCDBC /* Landmarks */;
			targetProxy = A0BF1B86260208CB002CCDBC /* PBXContainerItemProxy */;
		};
		A0BF1B92260208CB002CCDBC /* PBXTargetDependency */ = {
			isa = PBXTargetDependency;
			target = A0BF1B73260208C8002CCDBC /* Landmarks */;
			targetProxy = A0BF1B91260208CB002CCDBC /* PBXContainerItemProxy */;
		};
/* End PBXTargetDependency section */

/* Begin XCBuildConfiguration section */
		A0BF1B97260208CB002CCDBC /* Debug */ = {
			isa = XCBuildConfiguration;
			buildSettings = {
				ALWAYS_SEARCH_USER_PATHS = NO;
				CLANG_ANALYZER_NONNULL = YES;
				CLANG_ANALYZER_NUMBER_OBJECT_CONVERSION = YES_AGGRESSIVE;
				CLANG_CXX_LANGUAGE_STANDARD = "gnu++14";
				CLANG_CXX_LIBRARY = "libc++";
				CLANG_ENABLE_MODULES = YES;
				CLANG_ENABLE_OBJC_ARC = YES;
				CLANG_ENABLE_OBJC_WEAK = YES;
				CLANG_WARN_BLOCK_CAPTURE_AUTORELEASING = YES;
				CLANG_WARN_BOOL_CONVERSION = YES;
				CLANG_WARN_COMMA = YES;
				CLANG_WARN_CONSTANT_CONVERSION = YES;
				CLANG_WARN_DEPRECATED_OBJC_IMPLEMENTATIONS = YES;
				CLANG_WARN_DIRECT_OBJC_ISA_USAGE = YES_ERROR;
				CLANG_WARN_DOCUMENTATION_COMMENTS = YES;
				CLANG_WARN_EMPTY_BODY = YES;
				CLANG_WARN_ENUM_CONVERSION = YES;
				CLANG_WARN_INFINITE_RECURSION = YES;
				CLANG_WARN_INT_CONVERSION = YES;
				CLANG_WARN_NON_LITERAL_NULL_CONVERSION = YES;
				CLANG_WARN_OBJC_IMPLICIT_RETAIN_SELF = YES;
				CLANG_WARN_OBJC_LITERAL_CONVERSION = YES;
				CLANG_WARN_OBJC_ROOT_CLASS = YES_ERROR;
				CLANG_WARN_QUOTED_INCLUDE_IN_FRAMEWORK_HEADER = YES;
				CLANG_WARN_RANGE_LOOP_ANALYSIS = YES;
				CLANG_WARN_STRICT_PROTOTYPES = YES;
				CLANG_WARN_SUSPICIOUS_MOVE = YES;
				CLANG_WARN_UNGUARDED_AVAILABILITY = YES_AGGRESSIVE;
				CLANG_WARN_UNREACHABLE_CODE = YES;
				CLANG_WARN__DUPLICATE_METHOD_MATCH = YES;
				COPY_PHASE_STRIP = NO;
				DEBUG_INFORMATION_FORMAT = dwarf;
				ENABLE_STRICT_OBJC_MSGSEND = YES;
				ENABLE_TESTABILITY = YES;
				GCC_C_LANGUAGE_STANDARD = gnu11;
				GCC_DYNAMIC_NO_PIC = NO;
				GCC_NO_COMMON_BLOCKS = YES;
				GCC_OPTIMIZATION_LEVEL = 0;
				GCC_PREPROCESSOR_DEFINITIONS = (
					"DEBUG=1",
					"$(inherited)",
				);
				GCC_WARN_64_TO_32_BIT_CONVERSION = YES;
				GCC_WARN_ABOUT_RETURN_TYPE = YES_ERROR;
				GCC_WARN_UNDECLARED_SELECTOR = YES;
				GCC_WARN_UNINITIALIZED_AUTOS = YES_AGGRESSIVE;
				GCC_WARN_UNUSED_FUNCTION = YES;
				GCC_WARN_UNUSED_VARIABLE = YES;
				IPHONEOS_DEPLOYMENT_TARGET = 14.4;
				MTL_ENABLE_DEBUG_INFO = INCLUDE_SOURCE;
				MTL_FAST_MATH = YES;
				ONLY_ACTIVE_ARCH = YES;
				SDKROOT = iphoneos;
				SWIFT_ACTIVE_COMPILATION_CONDITIONS = DEBUG;
				SWIFT_OPTIMIZATION_LEVEL = "-Onone";
			};
			name = Debug;
		};
		A0BF1B98260208CB002CCDBC /* Release */ = {
			isa = XCBuildConfiguration;
			buildSettings = {
				ALWAYS_SEARCH_USER_PATHS = NO;
				CLANG_ANALYZER_NONNULL = YES;
				CLANG_ANALYZER_NUMBER_OBJECT_CONVERSION = YES_AGGRESSIVE;
				CLANG_CXX_LANGUAGE_STANDARD = "gnu++14";
				CLANG_CXX_LIBRARY = "libc++";
				CLANG_ENABLE_MODULES = YES;
				CLANG_ENABLE_OBJC_ARC = YES;
				CLANG_ENABLE_OBJC_WEAK = YES;
				CLANG_WARN_BLOCK_CAPTURE_AUTORELEASING = YES;
				CLANG_WARN_BOOL_CONVERSION = YES;
				CLANG_WARN_COMMA = YES;
				CLANG_WARN_CONSTANT_CONVERSION = YES;
				CLANG_WARN_DEPRECATED_OBJC_IMPLEMENTATIONS = YES;
				CLANG_WARN_DIRECT_OBJC_ISA_USAGE = YES_ERROR;
				CLANG_WARN_DOCUMENTATION_COMMENTS = YES;
				CLANG_WARN_EMPTY_BODY = YES;
				CLANG_WARN_ENUM_CONVERSION = YES;
				CLANG_WARN_INFINITE_RECURSION = YES;
				CLANG_WARN_INT_CONVERSION = YES;
				CLANG_WARN_NON_LITERAL_NULL_CONVERSION = YES;
				CLANG_WARN_OBJC_IMPLICIT_RETAIN_SELF = YES;
				CLANG_WARN_OBJC_LITERAL_CONVERSION = YES;
				CLANG_WARN_OBJC_ROOT_CLASS = YES_ERROR;
				CLANG_WARN_QUOTED_INCLUDE_IN_FRAMEWORK_HEADER = YES;
				CLANG_WARN_RANGE_LOOP_ANALYSIS = YES;
				CLANG_WARN_STRICT_PROTOTYPES = YES;
				CLANG_WARN_SUSPICIOUS_MOVE = YES;
				CLANG_WARN_UNGUARDED_AVAILABILITY = YES_AGGRESSIVE;
				CLANG_WARN_UNREACHABLE_CODE = YES;
				CLANG_WARN__DUPLICATE_METHOD_MATCH = YES;
				COPY_PHASE_STRIP = NO;
				DEBUG_INFORMATION_FORMAT = "dwarf-with-dsym";
				ENABLE_NS_ASSERTIONS = NO;
				ENABLE_STRICT_OBJC_MSGSEND = YES;
				GCC_C_LANGUAGE_STANDARD = gnu11;
				GCC_NO_COMMON_BLOCKS = YES;
				GCC_WARN_64_TO_32_BIT_CONVERSION = YES;
				GCC_WARN_ABOUT_RETURN_TYPE = YES_ERROR;
				GCC_WARN_UNDECLARED_SELECTOR = YES;
				GCC_WARN_UNINITIALIZED_AUTOS = YES_AGGRESSIVE;
				GCC_WARN_UNUSED_FUNCTION = YES;
				GCC_WARN_UNUSED_VARIABLE = YES;
				IPHONEOS_DEPLOYMENT_TARGET = 14.4;
				MTL_ENABLE_DEBUG_INFO = NO;
				MTL_FAST_MATH = YES;
				SDKROOT = iphoneos;
				SWIFT_COMPILATION_MODE = wholemodule;
				SWIFT_OPTIMIZATION_LEVEL = "-O";
				VALIDATE_PRODUCT = YES;
			};
			name = Release;
		};
		A0BF1B9A260208CB002CCDBC /* Debug */ = {
			isa = XCBuildConfiguration;
			buildSettings = {
				ASSETCATALOG_COMPILER_APPICON_NAME = AppIcon;
				ASSETCATALOG_COMPILER_GLOBAL_ACCENT_COLOR_NAME = AccentColor;
				CODE_SIGN_STYLE = Automatic;
				DEVELOPMENT_ASSET_PATHS = "\"Landmarks/Preview Content\"";
				ENABLE_PREVIEWS = YES;
				INFOPLIST_FILE = Landmarks/Info.plist;
				IPHONEOS_DEPLOYMENT_TARGET = 14.0;
				LD_RUNPATH_SEARCH_PATHS = (
					"$(inherited)",
					"@executable_path/Frameworks",
				);
				PRODUCT_BUNDLE_IDENTIFIER = com.kashwaa.Landmarks;
				PRODUCT_NAME = "$(TARGET_NAME)";
				SWIFT_VERSION = 5.0;
				TARGETED_DEVICE_FAMILY = "1,2";
			};
			name = Debug;
		};
		A0BF1B9B260208CB002CCDBC /* Release */ = {
			isa = XCBuildConfiguration;
			buildSettings = {
				ASSETCATALOG_COMPILER_APPICON_NAME = AppIcon;
				ASSETCATALOG_COMPILER_GLOBAL_ACCENT_COLOR_NAME = AccentColor;
				CODE_SIGN_STYLE = Automatic;
				DEVELOPMENT_ASSET_PATHS = "\"Landmarks/Preview Content\"";
				ENABLE_PREVIEWS = YES;
				INFOPLIST_FILE = Landmarks/Info.plist;
				IPHONEOS_DEPLOYMENT_TARGET = 14.0;
				LD_RUNPATH_SEARCH_PATHS = (
					"$(inherited)",
					"@executable_path/Frameworks",
				);
				PRODUCT_BUNDLE_IDENTIFIER = com.kashwaa.Landmarks;
				PRODUCT_NAME = "$(TARGET_NAME)";
				SWIFT_VERSION = 5.0;
				TARGETED_DEVICE_FAMILY = "1,2";
			};
			name = Release;
		};
		A0BF1B9D260208CB002CCDBC /* Debug */ = {
			isa = XCBuildConfiguration;
			buildSettings = {
				ALWAYS_EMBED_SWIFT_STANDARD_LIBRARIES = YES;
				BUNDLE_LOADER = "$(TEST_HOST)";
				CODE_SIGN_STYLE = Automatic;
				INFOPLIST_FILE = LandmarksTests/Info.plist;
				IPHONEOS_DEPLOYMENT_TARGET = 14.0;
				LD_RUNPATH_SEARCH_PATHS = (
					"$(inherited)",
					"@executable_path/Frameworks",
					"@loader_path/Frameworks",
				);
				PRODUCT_BUNDLE_IDENTIFIER = com.kashwaa.LandmarksTests;
				PRODUCT_NAME = "$(TARGET_NAME)";
				SWIFT_VERSION = 5.0;
				TARGETED_DEVICE_FAMILY = "1,2";
				TEST_HOST = "$(BUILT_PRODUCTS_DIR)/Landmarks.app/Landmarks";
			};
			name = Debug;
		};
		A0BF1B9E260208CB002CCDBC /* Release */ = {
			isa = XCBuildConfiguration;
			buildSettings = {
				ALWAYS_EMBED_SWIFT_STANDARD_LIBRARIES = YES;
				BUNDLE_LOADER = "$(TEST_HOST)";
				CODE_SIGN_STYLE = Automatic;
				INFOPLIST_FILE = LandmarksTests/Info.plist;
				IPHONEOS_DEPLOYMENT_TARGET = 14.0;
				LD_RUNPATH_SEARCH_PATHS = (
					"$(inherited)",
					"@executable_path/Frameworks",
					"@loader_path/Frameworks",
				);
				PRODUCT_BUNDLE_IDENTIFIER = com.kashwaa.LandmarksTests;
				PRODUCT_NAME = "$(TARGET_NAME)";
				SWIFT_VERSION = 5.0;
				TARGETED_DEVICE_FAMILY = "1,2";
				TEST_HOST = "$(BUILT_PRODUCTS_DIR)/Landmarks.app/Landmarks";
			};
			name = Release;
		};
		A0BF1BA0260208CB002CCDBC /* Debug */ = {
			isa = XCBuildConfiguration;
			buildSettings = {
				ALWAYS_EMBED_SWIFT_STANDARD_LIBRARIES = YES;
				CODE_SIGN_STYLE = Automatic;
				INFOPLIST_FILE = LandmarksUITests/Info.plist;
				LD_RUNPATH_SEARCH_PATHS = (
					"$(inherited)",
					"@executable_path/Frameworks",
					"@loader_path/Frameworks",
				);
				PRODUCT_BUNDLE_IDENTIFIER = com.kashwaa.LandmarksUITests;
				PRODUCT_NAME = "$(TARGET_NAME)";
				SWIFT_VERSION = 5.0;
				TARGETED_DEVICE_FAMILY = "1,2";
				TEST_TARGET_NAME = Landmarks;
			};
			name = Debug;
		};
		A0BF1BA1260208CB002CCDBC /* Release */ = {
			isa = XCBuildConfiguration;
			buildSettings = {
				ALWAYS_EMBED_SWIFT_STANDARD_LIBRARIES = YES;
				CODE_SIGN_STYLE = Automatic;
				INFOPLIST_FILE = LandmarksUITests/Info.plist;
				LD_RUNPATH_SEARCH_PATHS = (
					"$(inherited)",
					"@executable_path/Frameworks",
					"@loader_path/Frameworks",
				);
				PRODUCT_BUNDLE_IDENTIFIER = com.kashwaa.LandmarksUITests;
				PRODUCT_NAME = "$(TARGET_NAME)";
				SWIFT_VERSION = 5.0;
				TARGETED_DEVICE_FAMILY = "1,2";
				TEST_TARGET_NAME = Landmarks;
			};
			name = Release;
		};
/* End XCBuildConfiguration section */

/* Begin XCConfigurationList section */
		A0BF1B6F260208C8002CCDBC /* Build configuration list for PBXProject "Landmarks" */ = {
			isa = XCConfigurationList;
			buildConfigurations = (
				A0BF1B97260208CB002CCDBC /* Debug */,
				A0BF1B98260208CB002CCDBC /* Release */,
			);
			defaultConfigurationIsVisible = 0;
			defaultConfigurationName = Release;
		};
		A0BF1B99260208CB002CCDBC /* Build configuration list for PBXNativeTarget "Landmarks" */ = {
			isa = XCConfigurationList;
			buildConfigurations = (
				A0BF1B9A260208CB002CCDBC /* Debug */,
				A0BF1B9B260208CB002CCDBC /* Release */,
			);
			defaultConfigurationIsVisible = 0;
			defaultConfigurationName = Release;
		};
		A0BF1B9C260208CB002CCDBC /* Build configuration list for PBXNativeTarget "LandmarksTests" */ = {
			isa = XCConfigurationList;
			buildConfigurations = (
				A0BF1B9D260208CB002CCDBC /* Debug */,
				A0BF1B9E260208CB002CCDBC /* Release */,
			);
			defaultConfigurationIsVisible = 0;
			defaultConfigurationName = Release;
		};
		A0BF1B9F260208CB002CCDBC /* Build configuration list for PBXNativeTarget "LandmarksUITests" */ = {
			isa = XCConfigurationList;
			buildConfigurations = (
				A0BF1BA0260208CB002CCDBC /* Debug */,
				A0BF1BA1260208CB002CCDBC /* Release */,
			);
			defaultConfigurationIsVisible = 0;
			defaultConfigurationName = Release;
		};
/* End XCConfigurationList section */
	};
	rootObject = A0BF1B6C260208C8002CCDBC /* Project object */;
}
